<?xml version="1.0" encoding="utf-8"?>
<Project ToolsVersion="4.0" xmlns="http://schemas.microsoft.com/developer/msbuild/2003">
  <ItemGroup>
    <ClCompile Include="game.cpp" />
    <ClCompile Include="surface.cpp">
      <Filter>template code</Filter>
    </ClCompile>
    <ClCompile Include="threads.cpp">
      <Filter>template code</Filter>
    </ClCompile>
    <ClCompile Include="template.cpp">
      <Filter>template code</Filter>
    </ClCompile>
    <ClCompile Include="camera.cpp" />
    <ClCompile Include="material.cpp">
      <Filter>Primitives</Filter>
    </ClCompile>
    <ClCompile Include="plane.cpp">
      <Filter>Primitives</Filter>
    </ClCompile>
    <ClCompile Include="primitive.cpp">
      <Filter>Primitives</Filter>
    </ClCompile>
    <ClCompile Include="sphere.cpp">
      <Filter>Primitives</Filter>
    </ClCompile>
    <ClCompile Include="light.cpp">
      <Filter>Transport</Filter>
    </ClCompile>
    <ClCompile Include="pointlight.cpp">
      <Filter>Transport</Filter>
    </ClCompile>
    <ClCompile Include="ray.cpp">
      <Filter>Transport</Filter>
    </ClCompile>
    <ClCompile Include="obj.cpp" />
    <ClCompile Include="triangle.cpp">
      <Filter>Primitives</Filter>
    </ClCompile>
    <ClCompile Include="spotLight.cpp">
      <Filter>Transport</Filter>
    </ClCompile>
    <ClCompile Include="BVHNode.cpp" />
    <ClCompile Include="renderer.cpp" />
    <ClCompile Include="BVH.cpp" />
    <ClCompile Include="trianglelight.cpp">
      <Filter>Transport</Filter>
    </ClCompile>
    <ClCompile Include="spherelight.cpp">
      <Filter>Transport</Filter>
    </ClCompile>
  </ItemGroup>
  <ItemGroup>
    <ClInclude Include="game.h" />
    <ClInclude Include="surface.h">
      <Filter>template code</Filter>
    </ClInclude>
    <ClInclude Include="threads.h">
      <Filter>template code</Filter>
    </ClInclude>
    <ClInclude Include="template.h">
      <Filter>template code</Filter>
    </ClInclude>
    <ClInclude Include="camera.h" />
    <ClInclude Include="material.h">
      <Filter>Primitives</Filter>
    </ClInclude>
    <ClInclude Include="plane.h">
      <Filter>Primitives</Filter>
    </ClInclude>
    <ClInclude Include="primitive.h">
      <Filter>Primitives</Filter>
    </ClInclude>
    <ClInclude Include="sphere.h">
      <Filter>Primitives</Filter>
    </ClInclude>
    <ClInclude Include="light.h">
      <Filter>Transport</Filter>
    </ClInclude>
    <ClInclude Include="pointlight.h">
      <Filter>Transport</Filter>
    </ClInclude>
    <ClInclude Include="ray.h">
      <Filter>Transport</Filter>
    </ClInclude>
    <ClInclude Include="obj.h" />
    <ClInclude Include="triangle.h">
      <Filter>Primitives</Filter>
    </ClInclude>
    <ClInclude Include="spotLight.h">
      <Filter>Transport</Filter>
    </ClInclude>
    <ClInclude Include="BVHNode.h" />
    <ClInclude Include="renderer.h" />
    <ClInclude Include="BVH.h" />
    <ClInclude Include="trianglelight.h">
      <Filter>Transport</Filter>
    </ClInclude>
    <ClInclude Include="spherelight.h">
      <Filter>Transport</Filter>
    </ClInclude>
  </ItemGroup>
  <ItemGroup>
    <Filter Include="template code">
      <UniqueIdentifier>{bf32dd6e-4be7-4889-8ac6-49e7ee163c40}</UniqueIdentifier>
    </Filter>
    <Filter Include="Primitives">
      <UniqueIdentifier>{7c1edd83-2f63-4915-a01b-5f7abc60c7f6}</UniqueIdentifier>
    </Filter>
    <Filter Include="Transport">
      <UniqueIdentifier>{85b87857-7ab4-448b-9af4-974b65238bc9}</UniqueIdentifier>
    </Filter>
  </ItemGroup>
  <ItemGroup>
    <Text Include="_readme.txt">
      <Filter>template code</Filter>
    </Text>
  </ItemGroup>
</Project>